
Microsoft Visual Studio Solution File, Format Version 12.00
# Visual Studio 15
Project("{2150E333-8FDC-42A3-9474-1A3956D46DE8}") = "01 - Domain", "01 - Domain", "{7F0DE793-A80A-4D46-88AD-670B80915835}"
EndProject
Project("{2150E333-8FDC-42A3-9474-1A3956D46DE8}") = "03 - Application", "03 - Application", "{CD608AD4-4FF0-4E94-9099-5EBEBFA7D932}"
EndProject
Project("{FAE04EC0-301F-11D3-BF4B-00C04F79EFBC}") = "Company.Domain", "Allianz.Domain\Company.Domain.csproj", "{2A018DB0-C091-4E34-A7C1-12D6613EE918}"
EndProject
Project("{FAE04EC0-301F-11D3-BF4B-00C04F79EFBC}") = "Company.Application", "Allianz.Application\Company.Application.csproj", "{7FE6A31E-F568-4D25-9C3E-8288B2BD7B98}"
EndProject
Project("{2150E333-8FDC-42A3-9474-1A3956D46DE8}") = "04 - Infra", "04 - Infra", "{86929BF4-E3F2-4886-9BB1-406063C5E6A2}"
EndProject
Project("{2150E333-8FDC-42A3-9474-1A3956D46DE8}") = "05 - Presentation", "05 - Presentation", "{135A8EDE-D66E-4567-8552-BE3C13CDC594}"
EndProject
Project("{2150E333-8FDC-42A3-9474-1A3956D46DE8}") = "06 - Lib", "06 - Lib", "{880360E1-6CCC-4669-80BD-DB867937CB01}"
EndProject
Project("{FAE04EC0-301F-11D3-BF4B-00C04F79EFBC}") = "Company.Lib", "Company.Lib\Company.Lib.csproj", "{1DC45F5B-B687-4B29-8C17-9A8ECDE23F34}"
EndProject
Project("{2150E333-8FDC-42A3-9474-1A3956D46DE8}") = "Data", "Data", "{F4F7AAC2-197E-4277-8640-FCD98E2C9F28}"
EndProject
Project("{2150E333-8FDC-42A3-9474-1A3956D46DE8}") = "IcO", "IcO", "{DC23C903-36E7-4E9D-AA69-A51B4CB40CD6}"
EndProject
Project("{FAE04EC0-301F-11D3-BF4B-00C04F79EFBC}") = "Company.CrossCutting.IoC", "Company.CrossCutting.IoC\Company.CrossCutting.IoC.csproj", "{B19E53BD-775D-4CF9-A4B3-4232DC77D4B5}"
EndProject
Project("{FAE04EC0-301F-11D3-BF4B-00C04F79EFBC}") = "Company.Infra.Data", "Company.Infra.Data\Company.Infra.Data.csproj", "{3DBC6947-60F9-4FF2-800B-ACC49F813ED1}"
EndProject
Project("{FAE04EC0-301F-11D3-BF4B-00C04F79EFBC}") = "Company.API", "Company.API\Company.API.csproj", "{3E8CFCFE-D012-4735-B113-05175132FC47}"
EndProject
Global
	GlobalSection(SolutionConfigurationPlatforms) = preSolution
		Debug|Any CPU = Debug|Any CPU
		Release|Any CPU = Release|Any CPU
	EndGlobalSection
	GlobalSection(ProjectConfigurationPlatforms) = postSolution
		{2A018DB0-C091-4E34-A7C1-12D6613EE918}.Debug|Any CPU.ActiveCfg = Debug|Any CPU
		{2A018DB0-C091-4E34-A7C1-12D6613EE918}.Debug|Any CPU.Build.0 = Debug|Any CPU
		{2A018DB0-C091-4E34-A7C1-12D6613EE918}.Release|Any CPU.ActiveCfg = Release|Any CPU
		{2A018DB0-C091-4E34-A7C1-12D6613EE918}.Release|Any CPU.Build.0 = Release|Any CPU
		{7FE6A31E-F568-4D25-9C3E-8288B2BD7B98}.Debug|Any CPU.ActiveCfg = Debug|Any CPU
		{7FE6A31E-F568-4D25-9C3E-8288B2BD7B98}.Debug|Any CPU.Build.0 = Debug|Any CPU
		{7FE6A31E-F568-4D25-9C3E-8288B2BD7B98}.Release|Any CPU.ActiveCfg = Release|Any CPU
		{7FE6A31E-F568-4D25-9C3E-8288B2BD7B98}.Release|Any CPU.Build.0 = Release|Any CPU
		{1DC45F5B-B687-4B29-8C17-9A8ECDE23F34}.Debug|Any CPU.ActiveCfg = Debug|Any CPU
		{1DC45F5B-B687-4B29-8C17-9A8ECDE23F34}.Debug|Any CPU.Build.0 = Debug|Any CPU
		{1DC45F5B-B687-4B29-8C17-9A8ECDE23F34}.Release|Any CPU.ActiveCfg = Release|Any CPU
		{1DC45F5B-B687-4B29-8C17-9A8ECDE23F34}.Release|Any CPU.Build.0 = Release|Any CPU
		{B19E53BD-775D-4CF9-A4B3-4232DC77D4B5}.Debug|Any CPU.ActiveCfg = Debug|Any CPU
		{B19E53BD-775D-4CF9-A4B3-4232DC77D4B5}.Debug|Any CPU.Build.0 = Debug|Any CPU
		{B19E53BD-775D-4CF9-A4B3-4232DC77D4B5}.Release|Any CPU.ActiveCfg = Release|Any CPU
		{B19E53BD-775D-4CF9-A4B3-4232DC77D4B5}.Release|Any CPU.Build.0 = Release|Any CPU
		{3DBC6947-60F9-4FF2-800B-ACC49F813ED1}.Debug|Any CPU.ActiveCfg = Debug|Any CPU
		{3DBC6947-60F9-4FF2-800B-ACC49F813ED1}.Debug|Any CPU.Build.0 = Debug|Any CPU
		{3DBC6947-60F9-4FF2-800B-ACC49F813ED1}.Release|Any CPU.ActiveCfg = Release|Any CPU
		{3DBC6947-60F9-4FF2-800B-ACC49F813ED1}.Release|Any CPU.Build.0 = Release|Any CPU
		{3E8CFCFE-D012-4735-B113-05175132FC47}.Debug|Any CPU.ActiveCfg = Debug|Any CPU
		{3E8CFCFE-D012-4735-B113-05175132FC47}.Debug|Any CPU.Build.0 = Debug|Any CPU
		{3E8CFCFE-D012-4735-B113-05175132FC47}.Release|Any CPU.ActiveCfg = Release|Any CPU
		{3E8CFCFE-D012-4735-B113-05175132FC47}.Release|Any CPU.Build.0 = Release|Any CPU
	EndGlobalSection
	GlobalSection(NestedProjects) = preSolution
		{2A018DB0-C091-4E34-A7C1-12D6613EE918} = {7F0DE793-A80A-4D46-88AD-670B80915835}
		{7FE6A31E-F568-4D25-9C3E-8288B2BD7B98} = {CD608AD4-4FF0-4E94-9099-5EBEBFA7D932}
		{1DC45F5B-B687-4B29-8C17-9A8ECDE23F34} = {880360E1-6CCC-4669-80BD-DB867937CB01}
		{F4F7AAC2-197E-4277-8640-FCD98E2C9F28} = {86929BF4-E3F2-4886-9BB1-406063C5E6A2}
		{DC23C903-36E7-4E9D-AA69-A51B4CB40CD6} = {86929BF4-E3F2-4886-9BB1-406063C5E6A2}
		{B19E53BD-775D-4CF9-A4B3-4232DC77D4B5} = {DC23C903-36E7-4E9D-AA69-A51B4CB40CD6}
		{3DBC6947-60F9-4FF2-800B-ACC49F813ED1} = {F4F7AAC2-197E-4277-8640-FCD98E2C9F28}
		{3E8CFCFE-D012-4735-B113-05175132FC47} = {135A8EDE-D66E-4567-8552-BE3C13CDC594}
	EndGlobalSection
EndGlobal
