
Microsoft Visual Studio Solution File, Format Version 12.00
# Visual Studio 15
Project("{2150E333-8FDC-42A3-9474-1A3956D46DE8}") = "01 - Domain", "01 - Domain", "{7F0DE793-A80A-4D46-88AD-670B80915835}"
EndProject
Project("{2150E333-8FDC-42A3-9474-1A3956D46DE8}") = "03 - Application", "03 - Application", "{CD608AD4-4FF0-4E94-9099-5EBEBFA7D932}"
EndProject
Project("{FAE04EC0-301F-11D3-BF4B-00C04F79EFBC}") = "Company.Domain", "Allianz.Domain\Company.Domain.csproj", "{2A018DB0-C091-4E34-A7C1-12D6613EE918}"
EndProject
Project("{FAE04EC0-301F-11D3-BF4B-00C04F79EFBC}") = "Company.Application", "Allianz.Application\Company.Application.csproj", "{7FE6A31E-F568-4D25-9C3E-8288B2BD7B98}"
EndProject
Project("{2150E333-8FDC-42A3-9474-1A3956D46DE8}") = "04 - Infra", "04 - Infra", "{86929BF4-E3F2-4886-9BB1-406063C5E6A2}"
EndProject
Project("{FAE04EC0-301F-11D3-BF4B-00C04F79EFBC}") = "Company.Infra.CrossCutting.IoC", "Company.Infra.CrossCutting.IoC\Company.Infra.CrossCutting.IoC.csproj", "{29E8437D-6EA2-4786-8416-A8225D3BAC3C}"
EndProject
Project("{FAE04EC0-301F-11D3-BF4B-00C04F79EFBC}") = "Company.Infra.Data", "Company.Infra.CrossCutting.IoC\Company.Infra.Data\Company.Infra.Data.csproj", "{5CC22172-84C0-43FC-8A89-B0279A78B252}"
EndProject
Global
	GlobalSection(SolutionConfigurationPlatforms) = preSolution
		Debug|Any CPU = Debug|Any CPU
		Release|Any CPU = Release|Any CPU
	EndGlobalSection
	GlobalSection(ProjectConfigurationPlatforms) = postSolution
		{2A018DB0-C091-4E34-A7C1-12D6613EE918}.Debug|Any CPU.ActiveCfg = Debug|Any CPU
		{2A018DB0-C091-4E34-A7C1-12D6613EE918}.Debug|Any CPU.Build.0 = Debug|Any CPU
		{2A018DB0-C091-4E34-A7C1-12D6613EE918}.Release|Any CPU.ActiveCfg = Release|Any CPU
		{2A018DB0-C091-4E34-A7C1-12D6613EE918}.Release|Any CPU.Build.0 = Release|Any CPU
		{7FE6A31E-F568-4D25-9C3E-8288B2BD7B98}.Debug|Any CPU.ActiveCfg = Debug|Any CPU
		{7FE6A31E-F568-4D25-9C3E-8288B2BD7B98}.Debug|Any CPU.Build.0 = Debug|Any CPU
		{7FE6A31E-F568-4D25-9C3E-8288B2BD7B98}.Release|Any CPU.ActiveCfg = Release|Any CPU
		{7FE6A31E-F568-4D25-9C3E-8288B2BD7B98}.Release|Any CPU.Build.0 = Release|Any CPU
		{29E8437D-6EA2-4786-8416-A8225D3BAC3C}.Debug|Any CPU.ActiveCfg = Debug|Any CPU
		{29E8437D-6EA2-4786-8416-A8225D3BAC3C}.Debug|Any CPU.Build.0 = Debug|Any CPU
		{29E8437D-6EA2-4786-8416-A8225D3BAC3C}.Release|Any CPU.ActiveCfg = Release|Any CPU
		{29E8437D-6EA2-4786-8416-A8225D3BAC3C}.Release|Any CPU.Build.0 = Release|Any CPU
		{5CC22172-84C0-43FC-8A89-B0279A78B252}.Debug|Any CPU.ActiveCfg = Debug|Any CPU
		{5CC22172-84C0-43FC-8A89-B0279A78B252}.Debug|Any CPU.Build.0 = Debug|Any CPU
		{5CC22172-84C0-43FC-8A89-B0279A78B252}.Release|Any CPU.ActiveCfg = Release|Any CPU
		{5CC22172-84C0-43FC-8A89-B0279A78B252}.Release|Any CPU.Build.0 = Release|Any CPU
	EndGlobalSection
	GlobalSection(NestedProjects) = preSolution
		{2A018DB0-C091-4E34-A7C1-12D6613EE918} = {7F0DE793-A80A-4D46-88AD-670B80915835}
		{7FE6A31E-F568-4D25-9C3E-8288B2BD7B98} = {CD608AD4-4FF0-4E94-9099-5EBEBFA7D932}
		{29E8437D-6EA2-4786-8416-A8225D3BAC3C} = {86929BF4-E3F2-4886-9BB1-406063C5E6A2}
		{5CC22172-84C0-43FC-8A89-B0279A78B252} = {86929BF4-E3F2-4886-9BB1-406063C5E6A2}
	EndGlobalSection
EndGlobal
